DEPENDENCIES
  apache2
    git: https://github.com/sous-chefs/apache2.git
    revision: 408c54912f0e362ea9d820a8b43580850c403b9e
  apt (~> 2.6.1)
  database
    git: https://github.com/alejandrod/database.git
    revision: ef8cd37a0907cc5e830fb541ba07c4e765e3e09b
  mysql
    git: https://github.com/alejandrod/mysql.git
    revision: f46870cc59b9a3f28c7d05ae935fc9f0672a6bbd
  mysql2_chef_gem
    git: https://github.com/alejandrod/mysql2_chef_gem.git
    revision: 4e8feb1263c7e22ec0c8e9129ae850f607c7bb99
  nginx
    git: https://github.com/sous-chefs/nginx.git
    revision: 09a227085c5fab9f986fe0cfd010452e07c707f8
    tag: v8.1.6
  php (>= 4.5.0)
  wordpress
    path: .
    metadata: true

GRAPH
  apache2 (7.1.1)
  apt (2.6.1)
  build-essential (8.2.1)
    mingw (>= 1.1)
    seven_zip (>= 0.0.0)
  database (6.2.0)
    postgresql (>= 1.0.0)
  iis (7.2.0)
    windows (>= 4.1.0)
  mariadb (3.1.0)
    selinux_policy (~> 2.0)
  mingw (2.1.0)
    seven_zip (>= 0.0.0)
  mysql (8.5.3)
  mysql2_chef_gem (2.1.0)
    build-essential (>= 2.4.0)
    mariadb (>= 0.0.0)
    mysql (>= 8.2.0)
  nginx (8.1.6)
    build-essential (>= 5.0)
    ohai (>= 4.1.0)
    yum-epel (>= 0.0.0)
    zypper (>= 0.0.0)
  ohai (5.3.0)
  openssl (8.5.5)
  php (7.0.0)
    yum-epel (>= 0.0.0)
  php-fpm (0.8.0)
  postgresql (7.1.5)
  selinux (3.0.0)
  selinux_policy (2.3.4)
  seven_zip (3.1.2)
    windows (>= 0.0.0)
  tar (2.2.0)
  windows (6.0.1)
  wordpress (4.0.2)
    apache2 (>= 5.0.0)
    build-essential (>= 0.0.0)
    database (>= 1.6.0)
    iis (>= 0.0.0)
    mysql (>= 6.0)
    mysql2_chef_gem (>= 1.1.0)
    nginx (~> 8.1.6)
    openssl (>= 0.0.0)
    php (>= 0.0.0)
    php-fpm (>= 0.0.0)
    selinux (>= 0.0.0)
    tar (>= 0.0.0)
  yum-epel (3.3.0)
  zypper (0.4.0)
